// !$*UTF8*$!
{
	archiveVersion = 1;
	classes = {
	};
	objectVersion = 56;
	objects = {

/* Begin PBXBuildFile section */
		D32BF4282B8BD9B7006DCAFE /* Emoji.swift in Sources */ = {isa = PBXBuildFile; fileRef = D32BF4272B8BD9B7006DCAFE /* Emoji.swift */; };
		D32BF42A2B8BDD8C006DCAFE /* EmojiPickerView.swift in Sources */ = {isa = PBXBuildFile; fileRef = D32BF4292B8BDD8C006DCAFE /* EmojiPickerView.swift */; };
		D32BF42C2B8BE889006DCAFE /* LockOptionalFormView.swift in Sources */ = {isa = PBXBuildFile; fileRef = D32BF42B2B8BE889006DCAFE /* LockOptionalFormView.swift */; };
		D34891912B9276710061698D /* CombiWatchApp.swift in Sources */ = {isa = PBXBuildFile; fileRef = D34891902B9276710061698D /* CombiWatchApp.swift */; };
		D34891932B9276710061698D /* LockListView.swift in Sources */ = {isa = PBXBuildFile; fileRef = D34891922B9276710061698D /* LockListView.swift */; };
		D34891952B9276730061698D /* Assets.xcassets in Resources */ = {isa = PBXBuildFile; fileRef = D34891942B9276730061698D /* Assets.xcassets */; };
		D34891982B9276730061698D /* Preview Assets.xcassets in Resources */ = {isa = PBXBuildFile; fileRef = D34891972B9276730061698D /* Preview Assets.xcassets */; };
		D348919B2B9276730061698D /* CombiWatch Watch App.app in Embed Watch Content */ = {isa = PBXBuildFile; fileRef = D348918E2B9276710061698D /* CombiWatch Watch App.app */; settings = {ATTRIBUTES = (RemoveHeadersOnCopy, ); }; };
		D34891A02B927A2A0061698D /* Lock.swift in Sources */ = {isa = PBXBuildFile; fileRef = D382CD272B7827BF00DCBA45 /* Lock.swift */; };
		D34891A12B927A2A0061698D /* Emoji.swift in Sources */ = {isa = PBXBuildFile; fileRef = D32BF4272B8BD9B7006DCAFE /* Emoji.swift */; };
		D34891A32B927B750061698D /* LockDetailView.swift in Sources */ = {isa = PBXBuildFile; fileRef = D34891A22B927B750061698D /* LockDetailView.swift */; };
		D382CD162B78195900DCBA45 /* CombiApp.swift in Sources */ = {isa = PBXBuildFile; fileRef = D382CD152B78195900DCBA45 /* CombiApp.swift */; };
		D382CD182B78195900DCBA45 /* LockListView.swift in Sources */ = {isa = PBXBuildFile; fileRef = D382CD172B78195900DCBA45 /* LockListView.swift */; };
		D382CD1A2B78195A00DCBA45 /* Assets.xcassets in Resources */ = {isa = PBXBuildFile; fileRef = D382CD192B78195A00DCBA45 /* Assets.xcassets */; };
		D382CD1D2B78195A00DCBA45 /* Preview Assets.xcassets in Resources */ = {isa = PBXBuildFile; fileRef = D382CD1C2B78195A00DCBA45 /* Preview Assets.xcassets */; };
		D382CD252B78274C00DCBA45 /* LockDetailView.swift in Sources */ = {isa = PBXBuildFile; fileRef = D382CD242B78274C00DCBA45 /* LockDetailView.swift */; };
		D382CD282B7827BF00DCBA45 /* Lock.swift in Sources */ = {isa = PBXBuildFile; fileRef = D382CD272B7827BF00DCBA45 /* Lock.swift */; };
		D382CD2C2B78329C00DCBA45 /* LockFormView.swift in Sources */ = {isa = PBXBuildFile; fileRef = D382CD2B2B78329C00DCBA45 /* LockFormView.swift */; };
		D3AD16FC2B8D32DB006D9B54 /* SettingsView.swift in Sources */ = {isa = PBXBuildFile; fileRef = D3AD16FB2B8D32DB006D9B54 /* SettingsView.swift */; };
		D3E922562B8E446C00343012 /* ColorSchemeManager.swift in Sources */ = {isa = PBXBuildFile; fileRef = D3E922552B8E446C00343012 /* ColorSchemeManager.swift */; };
/* End PBXBuildFile section */

/* Begin PBXContainerItemProxy section */
		D34891992B9276730061698D /* PBXContainerItemProxy */ = {
			isa = PBXContainerItemProxy;
			containerPortal = D382CD0A2B78195900DCBA45 /* Project object */;
			proxyType = 1;
			remoteGlobalIDString = D348918D2B9276710061698D;
			remoteInfo = "CombiWatch Watch App";
		};
/* End PBXContainerItemProxy section */

/* Begin PBXCopyFilesBuildPhase section */
		D348919C2B9276730061698D /* Embed Watch Content */ = {
			isa = PBXCopyFilesBuildPhase;
			buildActionMask = 2147483647;
			dstPath = "$(CONTENTS_FOLDER_PATH)/Watch";
			dstSubfolderSpec = 16;
			files = (
				D348919B2B9276730061698D /* CombiWatch Watch App.app in Embed Watch Content */,
			);
			name = "Embed Watch Content";
			runOnlyForDeploymentPostprocessing = 0;
		};
/* End PBXCopyFilesBuildPhase section */

/* Begin PBXFileReference section */
		D32BF4272B8BD9B7006DCAFE /* Emoji.swift */ = {isa = PBXFileReference; lastKnownFileType = sourcecode.swift; path = Emoji.swift; sourceTree = "<group>"; };
		D32BF4292B8BDD8C006DCAFE /* EmojiPickerView.swift */ = {isa = PBXFileReference; lastKnownFileType = sourcecode.swift; path = EmojiPickerView.swift; sourceTree = "<group>"; };
		D32BF42B2B8BE889006DCAFE /* LockOptionalFormView.swift */ = {isa = PBXFileReference; lastKnownFileType = sourcecode.swift; path = LockOptionalFormView.swift; sourceTree = "<group>"; };
		D348918E2B9276710061698D /* CombiWatch Watch App.app */ = {isa = PBXFileReference; explicitFileType = wrapper.application; includeInIndex = 0; path = "CombiWatch Watch App.app"; sourceTree = BUILT_PRODUCTS_DIR; };
		D34891902B9276710061698D /* CombiWatchApp.swift */ = {isa = PBXFileReference; lastKnownFileType = sourcecode.swift; path = CombiWatchApp.swift; sourceTree = "<group>"; };
		D34891922B9276710061698D /* LockListView.swift */ = {isa = PBXFileReference; lastKnownFileType = sourcecode.swift; path = LockListView.swift; sourceTree = "<group>"; };
		D34891942B9276730061698D /* Assets.xcassets */ = {isa = PBXFileReference; lastKnownFileType = folder.assetcatalog; path = Assets.xcassets; sourceTree = "<group>"; };
		D34891972B9276730061698D /* Preview Assets.xcassets */ = {isa = PBXFileReference; lastKnownFileType = folder.assetcatalog; path = "Preview Assets.xcassets"; sourceTree = "<group>"; };
		D34891A22B927B750061698D /* LockDetailView.swift */ = {isa = PBXFileReference; lastKnownFileType = sourcecode.swift; path = LockDetailView.swift; sourceTree = "<group>"; };
		D382CD122B78195900DCBA45 /* Combi.app */ = {isa = PBXFileReference; explicitFileType = wrapper.application; includeInIndex = 0; path = Combi.app; sourceTree = BUILT_PRODUCTS_DIR; };
		D382CD152B78195900DCBA45 /* CombiApp.swift */ = {isa = PBXFileReference; lastKnownFileType = sourcecode.swift; path = CombiApp.swift; sourceTree = "<group>"; };
		D382CD172B78195900DCBA45 /* LockListView.swift */ = {isa = PBXFileReference; lastKnownFileType = sourcecode.swift; path = LockListView.swift; sourceTree = "<group>"; };
		D382CD192B78195A00DCBA45 /* Assets.xcassets */ = {isa = PBXFileReference; lastKnownFileType = folder.assetcatalog; path = Assets.xcassets; sourceTree = "<group>"; };
		D382CD1C2B78195A00DCBA45 /* Preview Assets.xcassets */ = {isa = PBXFileReference; lastKnownFileType = folder.assetcatalog; path = "Preview Assets.xcassets"; sourceTree = "<group>"; };
		D382CD242B78274C00DCBA45 /* LockDetailView.swift */ = {isa = PBXFileReference; lastKnownFileType = sourcecode.swift; path = LockDetailView.swift; sourceTree = "<group>"; };
		D382CD272B7827BF00DCBA45 /* Lock.swift */ = {isa = PBXFileReference; lastKnownFileType = sourcecode.swift; path = Lock.swift; sourceTree = "<group>"; };
		D382CD2B2B78329C00DCBA45 /* LockFormView.swift */ = {isa = PBXFileReference; lastKnownFileType = sourcecode.swift; path = LockFormView.swift; sourceTree = "<group>"; };
		D3AD16FB2B8D32DB006D9B54 /* SettingsView.swift */ = {isa = PBXFileReference; lastKnownFileType = sourcecode.swift; path = SettingsView.swift; sourceTree = "<group>"; };
		D3E922552B8E446C00343012 /* ColorSchemeManager.swift */ = {isa = PBXFileReference; lastKnownFileType = sourcecode.swift; path = ColorSchemeManager.swift; sourceTree = "<group>"; };
/* End PBXFileReference section */

/* Begin PBXFrameworksBuildPhase section */
		D348918B2B9276710061698D /* Frameworks */ = {
			isa = PBXFrameworksBuildPhase;
			buildActionMask = 2147483647;
			files = (
			);
			runOnlyForDeploymentPostprocessing = 0;
		};
		D382CD0F2B78195900DCBA45 /* Frameworks */ = {
			isa = PBXFrameworksBuildPhase;
			buildActionMask = 2147483647;
			files = (
			);
			runOnlyForDeploymentPostprocessing = 0;
		};
/* End PBXFrameworksBuildPhase section */

/* Begin PBXGroup section */
		D348918F2B9276710061698D /* CombiWatch Watch App */ = {
			isa = PBXGroup;
			children = (
				D34891902B9276710061698D /* CombiWatchApp.swift */,
				D34891922B9276710061698D /* LockListView.swift */,
				D34891942B9276730061698D /* Assets.xcassets */,
				D34891962B9276730061698D /* Preview Content */,
				D34891A22B927B750061698D /* LockDetailView.swift */,
			);
			path = "CombiWatch Watch App";
			sourceTree = "<group>";
		};
		D34891962B9276730061698D /* Preview Content */ = {
			isa = PBXGroup;
			children = (
				D34891972B9276730061698D /* Preview Assets.xcassets */,
			);
			path = "Preview Content";
			sourceTree = "<group>";
		};
		D382CD092B78195900DCBA45 = {
			isa = PBXGroup;
			children = (
				D382CD142B78195900DCBA45 /* Combi */,
				D348918F2B9276710061698D /* CombiWatch Watch App */,
				D382CD132B78195900DCBA45 /* Products */,
			);
			sourceTree = "<group>";
		};
		D382CD132B78195900DCBA45 /* Products */ = {
			isa = PBXGroup;
			children = (
				D382CD122B78195900DCBA45 /* Combi.app */,
				D348918E2B9276710061698D /* CombiWatch Watch App.app */,
			);
			name = Products;
			sourceTree = "<group>";
		};
		D382CD142B78195900DCBA45 /* Combi */ = {
			isa = PBXGroup;
			children = (
				D3E922542B8E445D00343012 /* Manager */,
				D382CD262B7827AC00DCBA45 /* Model */,
				D382CD232B78271E00DCBA45 /* View */,
				D382CD152B78195900DCBA45 /* CombiApp.swift */,
				D382CD192B78195A00DCBA45 /* Assets.xcassets */,
				D382CD1B2B78195A00DCBA45 /* Preview Content */,
			);
			path = Combi;
			sourceTree = "<group>";
		};
		D382CD1B2B78195A00DCBA45 /* Preview Content */ = {
			isa = PBXGroup;
			children = (
				D382CD1C2B78195A00DCBA45 /* Preview Assets.xcassets */,
			);
			path = "Preview Content";
			sourceTree = "<group>";
		};
		D382CD232B78271E00DCBA45 /* View */ = {
			isa = PBXGroup;
			children = (
				D382CD172B78195900DCBA45 /* LockListView.swift */,
				D382CD242B78274C00DCBA45 /* LockDetailView.swift */,
				D382CD2B2B78329C00DCBA45 /* LockFormView.swift */,
				D32BF4292B8BDD8C006DCAFE /* EmojiPickerView.swift */,
				D32BF42B2B8BE889006DCAFE /* LockOptionalFormView.swift */,
				D3AD16FB2B8D32DB006D9B54 /* SettingsView.swift */,
			);
			path = View;
			sourceTree = "<group>";
		};
		D382CD262B7827AC00DCBA45 /* Model */ = {
			isa = PBXGroup;
			children = (
				D382CD272B7827BF00DCBA45 /* Lock.swift */,
				D32BF4272B8BD9B7006DCAFE /* Emoji.swift */,
			);
			path = Model;
			sourceTree = "<group>";
		};
		D3E922542B8E445D00343012 /* Manager */ = {
			isa = PBXGroup;
			children = (
				D3E922552B8E446C00343012 /* ColorSchemeManager.swift */,
			);
			path = Manager;
			sourceTree = "<group>";
		};
/* End PBXGroup section */

/* Begin PBXNativeTarget section */
		D348918D2B9276710061698D /* CombiWatch Watch App */ = {
			isa = PBXNativeTarget;
			buildConfigurationList = D348919F2B9276730061698D /* Build configuration list for PBXNativeTarget "CombiWatch Watch App" */;
			buildPhases = (
				D348918A2B9276710061698D /* Sources */,
				D348918B2B9276710061698D /* Frameworks */,
				D348918C2B9276710061698D /* Resources */,
			);
			buildRules = (
			);
			dependencies = (
			);
			name = "CombiWatch Watch App";
			productName = "CombiWatch Watch App";
			productReference = D348918E2B9276710061698D /* CombiWatch Watch App.app */;
			productType = "com.apple.product-type.application";
		};
		D382CD112B78195900DCBA45 /* Combi */ = {
			isa = PBXNativeTarget;
			buildConfigurationList = D382CD202B78195A00DCBA45 /* Build configuration list for PBXNativeTarget "Combi" */;
			buildPhases = (
				D382CD0E2B78195900DCBA45 /* Sources */,
				D382CD0F2B78195900DCBA45 /* Frameworks */,
				D382CD102B78195900DCBA45 /* Resources */,
				D348919C2B9276730061698D /* Embed Watch Content */,
			);
			buildRules = (
			);
			dependencies = (
				D348919A2B9276730061698D /* PBXTargetDependency */,
			);
			name = Combi;
			productName = Combi;
			productReference = D382CD122B78195900DCBA45 /* Combi.app */;
			productType = "com.apple.product-type.application";
		};
/* End PBXNativeTarget section */

/* Begin PBXProject section */
		D382CD0A2B78195900DCBA45 /* Project object */ = {
			isa = PBXProject;
			attributes = {
				BuildIndependentTargetsInParallel = 1;
				LastSwiftUpdateCheck = 1520;
				LastUpgradeCheck = 1520;
				TargetAttributes = {
					D348918D2B9276710061698D = {
						CreatedOnToolsVersion = 15.2;
					};
					D382CD112B78195900DCBA45 = {
						CreatedOnToolsVersion = 15.2;
					};
				};
			};
			buildConfigurationList = D382CD0D2B78195900DCBA45 /* Build configuration list for PBXProject "Combi" */;
			compatibilityVersion = "Xcode 14.0";
			developmentRegion = en;
			hasScannedForEncodings = 0;
			knownRegions = (
				en,
				Base,
			);
			mainGroup = D382CD092B78195900DCBA45;
			productRefGroup = D382CD132B78195900DCBA45 /* Products */;
			projectDirPath = "";
			projectRoot = "";
			targets = (
				D382CD112B78195900DCBA45 /* Combi */,
				D348918D2B9276710061698D /* CombiWatch Watch App */,
			);
		};
/* End PBXProject section */

/* Begin PBXResourcesBuildPhase section */
		D348918C2B9276710061698D /* Resources */ = {
			isa = PBXResourcesBuildPhase;
			buildActionMask = 2147483647;
			files = (
				D34891982B9276730061698D /* Preview Assets.xcassets in Resources */,
				D34891952B9276730061698D /* Assets.xcassets in Resources */,
			);
			runOnlyForDeploymentPostprocessing = 0;
		};
		D382CD102B78195900DCBA45 /* Resources */ = {
			isa = PBXResourcesBuildPhase;
			buildActionMask = 2147483647;
			files = (
				D382CD1D2B78195A00DCBA45 /* Preview Assets.xcassets in Resources */,
				D382CD1A2B78195A00DCBA45 /* Assets.xcassets in Resources */,
			);
			runOnlyForDeploymentPostprocessing = 0;
		};
/* End PBXResourcesBuildPhase section */

/* Begin PBXSourcesBuildPhase section */
		D348918A2B9276710061698D /* Sources */ = {
			isa = PBXSourcesBuildPhase;
			buildActionMask = 2147483647;
			files = (
				D34891A02B927A2A0061698D /* Lock.swift in Sources */,
				D34891A32B927B750061698D /* LockDetailView.swift in Sources */,
				D34891A12B927A2A0061698D /* Emoji.swift in Sources */,
				D34891932B9276710061698D /* LockListView.swift in Sources */,
				D34891912B9276710061698D /* CombiWatchApp.swift in Sources */,
			);
			runOnlyForDeploymentPostprocessing = 0;
		};
		D382CD0E2B78195900DCBA45 /* Sources */ = {
			isa = PBXSourcesBuildPhase;
			buildActionMask = 2147483647;
			files = (
				D32BF42A2B8BDD8C006DCAFE /* EmojiPickerView.swift in Sources */,
				D32BF42C2B8BE889006DCAFE /* LockOptionalFormView.swift in Sources */,
				D3E922562B8E446C00343012 /* ColorSchemeManager.swift in Sources */,
				D32BF4282B8BD9B7006DCAFE /* Emoji.swift in Sources */,
				D3AD16FC2B8D32DB006D9B54 /* SettingsView.swift in Sources */,
				D382CD2C2B78329C00DCBA45 /* LockFormView.swift in Sources */,
				D382CD182B78195900DCBA45 /* LockListView.swift in Sources */,
				D382CD162B78195900DCBA45 /* CombiApp.swift in Sources */,
				D382CD282B7827BF00DCBA45 /* Lock.swift in Sources */,
				D382CD252B78274C00DCBA45 /* LockDetailView.swift in Sources */,
			);
			runOnlyForDeploymentPostprocessing = 0;
		};
/* End PBXSourcesBuildPhase section */

/* Begin PBXTargetDependency section */
		D348919A2B9276730061698D /* PBXTargetDependency */ = {
			isa = PBXTargetDependency;
			target = D348918D2B9276710061698D /* CombiWatch Watch App */;
			targetProxy = D34891992B9276730061698D /* PBXContainerItemProxy */;
		};
/* End PBXTargetDependency section */

/* Begin XCBuildConfiguration section */
		D348919D2B9276730061698D /* Debug */ = {
			isa = XCBuildConfiguration;
			buildSettings = {
				ASSETCATALOG_COMPILER_APPICON_NAME = AppIcon;
				ASSETCATALOG_COMPILER_GLOBAL_ACCENT_COLOR_NAME = AccentColor;
				CODE_SIGN_STYLE = Automatic;
				CURRENT_PROJECT_VERSION = 1;
				DEVELOPMENT_ASSET_PATHS = "\"CombiWatch Watch App/Preview Content\"";
				DEVELOPMENT_TEAM = DU8A9JBL76;
				ENABLE_PREVIEWS = YES;
				GENERATE_INFOPLIST_FILE = YES;
				INFOPLIST_KEY_CFBundleDisplayName = CombiWatch;
				INFOPLIST_KEY_UISupportedInterfaceOrientations = "UIInterfaceOrientationPortrait UIInterfaceOrientationPortraitUpsideDown";
				INFOPLIST_KEY_WKCompanionAppBundleIdentifier = com.chrisbarlas.Combi;
				LD_RUNPATH_SEARCH_PATHS = (
					"$(inherited)",
					"@executable_path/Frameworks",
				);
				MARKETING_VERSION = 1.0;
				PRODUCT_BUNDLE_IDENTIFIER = com.chrisbarlas.Combi.watchkitapp;
				PRODUCT_NAME = "$(TARGET_NAME)";
				SDKROOT = watchos;
				SKIP_INSTALL = YES;
				SWIFT_EMIT_LOC_STRINGS = YES;
				SWIFT_VERSION = 5.0;
				TARGETED_DEVICE_FAMILY = 4;
				WATCHOS_DEPLOYMENT_TARGET = 10.2;
			};
			name = Debug;
		};
		D348919E2B9276730061698D /* Release */ = {
			isa = XCBuildConfiguration;
			buildSettings = {
				ASSETCATALOG_COMPILER_APPICON_NAME = AppIcon;
				ASSETCATALOG_COMPILER_GLOBAL_ACCENT_COLOR_NAME = AccentColor;
				CODE_SIGN_STYLE = Automatic;
				CURRENT_PROJECT_VERSION = 1;
				DEVELOPMENT_ASSET_PATHS = "\"CombiWatch Watch App/Preview Content\"";
				DEVELOPMENT_TEAM = DU8A9JBL76;
				ENABLE_PREVIEWS = YES;
				GENERATE_INFOPLIST_FILE = YES;
				INFOPLIST_KEY_CFBundleDisplayName = CombiWatch;
				INFOPLIST_KEY_UISupportedInterfaceOrientations = "UIInterfaceOrientationPortrait UIInterfaceOrientationPortraitUpsideDown";
				INFOPLIST_KEY_WKCompanionAppBundleIdentifier = com.chrisbarlas.Combi;
				LD_RUNPATH_SEARCH_PATHS = (
					"$(inherited)",
					"@executable_path/Frameworks",
				);
				MARKETING_VERSION = 1.0;
				PRODUCT_BUNDLE_IDENTIFIER = com.chrisbarlas.Combi.watchkitapp;
				PRODUCT_NAME = "$(TARGET_NAME)";
				SDKROOT = watchos;
				SKIP_INSTALL = YES;
				SWIFT_EMIT_LOC_STRINGS = YES;
				SWIFT_VERSION = 5.0;
				TARGETED_DEVICE_FAMILY = 4;
				WATCHOS_DEPLOYMENT_TARGET = 10.2;
			};
			name = Release;
		};
		D382CD1E2B78195A00DCBA45 /* Debug */ = {
			isa = XCBuildConfiguration;
			buildSettings = {
				ALWAYS_SEARCH_USER_PATHS = NO;
				ASSETCATALOG_COMPILER_GENERATE_SWIFT_ASSET_SYMBOL_EXTENSIONS = YES;
				CLANG_ANALYZER_NONNULL = YES;
				CLANG_ANALYZER_NUMBER_OBJECT_CONVERSION = YES_AGGRESSIVE;
				CLANG_CXX_LANGUAGE_STANDARD = "gnu++20";
				CLANG_ENABLE_MODULES = YES;
				CLANG_ENABLE_OBJC_ARC = YES;
				CLANG_ENABLE_OBJC_WEAK = YES;
				CLANG_WARN_BLOCK_CAPTURE_AUTORELEASING = YES;
				CLANG_WARN_BOOL_CONVERSION = YES;
				CLANG_WARN_COMMA = YES;
				CLANG_WARN_CONSTANT_CONVERSION = YES;
				CLANG_WARN_DEPRECATED_OBJC_IMPLEMENTATIONS = YES;
				CLANG_WARN_DIRECT_OBJC_ISA_USAGE = YES_ERROR;
				CLANG_WARN_DOCUMENTATION_COMMENTS = YES;
				CLANG_WARN_EMPTY_BODY = YES;
				CLANG_WARN_ENUM_CONVERSION = YES;
				CLANG_WARN_INFINITE_RECURSION = YES;
				CLANG_WARN_INT_CONVERSION = YES;
				CLANG_WARN_NON_LITERAL_NULL_CONVERSION = YES;
				CLANG_WARN_OBJC_IMPLICIT_RETAIN_SELF = YES;
				CLANG_WARN_OBJC_LITERAL_CONVERSION = YES;
				CLANG_WARN_OBJC_ROOT_CLASS = YES_ERROR;
				CLANG_WARN_QUOTED_INCLUDE_IN_FRAMEWORK_HEADER = YES;
				CLANG_WARN_RANGE_LOOP_ANALYSIS = YES;
				CLANG_WARN_STRICT_PROTOTYPES = YES;
				CLANG_WARN_SUSPICIOUS_MOVE = YES;
				CLANG_WARN_UNGUARDED_AVAILABILITY = YES_AGGRESSIVE;
				CLANG_WARN_UNREACHABLE_CODE = YES;
				CLANG_WARN__DUPLICATE_METHOD_MATCH = YES;
				COPY_PHASE_STRIP = NO;
				DEBUG_INFORMATION_FORMAT = dwarf;
				ENABLE_STRICT_OBJC_MSGSEND = YES;
				ENABLE_TESTABILITY = YES;
				ENABLE_USER_SCRIPT_SANDBOXING = YES;
				GCC_C_LANGUAGE_STANDARD = gnu17;
				GCC_DYNAMIC_NO_PIC = NO;
				GCC_NO_COMMON_BLOCKS = YES;
				GCC_OPTIMIZATION_LEVEL = 0;
				GCC_PREPROCESSOR_DEFINITIONS = (
					"DEBUG=1",
					"$(inherited)",
				);
				GCC_WARN_64_TO_32_BIT_CONVERSION = YES;
				GCC_WARN_ABOUT_RETURN_TYPE = YES_ERROR;
				GCC_WARN_UNDECLARED_SELECTOR = YES;
				GCC_WARN_UNINITIALIZED_AUTOS = YES_AGGRESSIVE;
				GCC_WARN_UNUSED_FUNCTION = YES;
				GCC_WARN_UNUSED_VARIABLE = YES;
				IPHONEOS_DEPLOYMENT_TARGET = 17.2;
				LOCALIZATION_PREFERS_STRING_CATALOGS = YES;
				MTL_ENABLE_DEBUG_INFO = INCLUDE_SOURCE;
				MTL_FAST_MATH = YES;
				ONLY_ACTIVE_ARCH = YES;
				SDKROOT = iphoneos;
				SWIFT_ACTIVE_COMPILATION_CONDITIONS = "DEBUG $(inherited)";
				SWIFT_OPTIMIZATION_LEVEL = "-Onone";
			};
			name = Debug;
		};
		D382CD1F2B78195A00DCBA45 /* Release */ = {
			isa = XCBuildConfiguration;
			buildSettings = {
				ALWAYS_SEARCH_USER_PATHS = NO;
				ASSETCATALOG_COMPILER_GENERATE_SWIFT_ASSET_SYMBOL_EXTENSIONS = YES;
				CLANG_ANALYZER_NONNULL = YES;
				CLANG_ANALYZER_NUMBER_OBJECT_CONVERSION = YES_AGGRESSIVE;
				CLANG_CXX_LANGUAGE_STANDARD = "gnu++20";
				CLANG_ENABLE_MODULES = YES;
				CLANG_ENABLE_OBJC_ARC = YES;
				CLANG_ENABLE_OBJC_WEAK = YES;
				CLANG_WARN_BLOCK_CAPTURE_AUTORELEASING = YES;
				CLANG_WARN_BOOL_CONVERSION = YES;
				CLANG_WARN_COMMA = YES;
				CLANG_WARN_CONSTANT_CONVERSION = YES;
				CLANG_WARN_DEPRECATED_OBJC_IMPLEMENTATIONS = YES;
				CLANG_WARN_DIRECT_OBJC_ISA_USAGE = YES_ERROR;
				CLANG_WARN_DOCUMENTATION_COMMENTS = YES;
				CLANG_WARN_EMPTY_BODY = YES;
				CLANG_WARN_ENUM_CONVERSION = YES;
				CLANG_WARN_INFINITE_RECURSION = YES;
				CLANG_WARN_INT_CONVERSION = YES;
				CLANG_WARN_NON_LITERAL_NULL_CONVERSION = YES;
				CLANG_WARN_OBJC_IMPLICIT_RETAIN_SELF = YES;
				CLANG_WARN_OBJC_LITERAL_CONVERSION = YES;
				CLANG_WARN_OBJC_ROOT_CLASS = YES_ERROR;
				CLANG_WARN_QUOTED_INCLUDE_IN_FRAMEWORK_HEADER = YES;
				CLANG_WARN_RANGE_LOOP_ANALYSIS = YES;
				CLANG_WARN_STRICT_PROTOTYPES = YES;
				CLANG_WARN_SUSPICIOUS_MOVE = YES;
				CLANG_WARN_UNGUARDED_AVAILABILITY = YES_AGGRESSIVE;
				CLANG_WARN_UNREACHABLE_CODE = YES;
				CLANG_WARN__DUPLICATE_METHOD_MATCH = YES;
				COPY_PHASE_STRIP = NO;
				DEBUG_INFORMATION_FORMAT = "dwarf-with-dsym";
				ENABLE_NS_ASSERTIONS = NO;
				ENABLE_STRICT_OBJC_MSGSEND = YES;
				ENABLE_USER_SCRIPT_SANDBOXING = YES;
				GCC_C_LANGUAGE_STANDARD = gnu17;
				GCC_NO_COMMON_BLOCKS = YES;
				GCC_WARN_64_TO_32_BIT_CONVERSION = YES;
				GCC_WARN_ABOUT_RETURN_TYPE = YES_ERROR;
				GCC_WARN_UNDECLARED_SELECTOR = YES;
				GCC_WARN_UNINITIALIZED_AUTOS = YES_AGGRESSIVE;
				GCC_WARN_UNUSED_FUNCTION = YES;
				GCC_WARN_UNUSED_VARIABLE = YES;
				IPHONEOS_DEPLOYMENT_TARGET = 17.2;
				LOCALIZATION_PREFERS_STRING_CATALOGS = YES;
				MTL_ENABLE_DEBUG_INFO = NO;
				MTL_FAST_MATH = YES;
				SDKROOT = iphoneos;
				SWIFT_COMPILATION_MODE = wholemodule;
				VALIDATE_PRODUCT = YES;
			};
			name = Release;
		};
		D382CD212B78195A00DCBA45 /* Debug */ = {
			isa = XCBuildConfiguration;
			buildSettings = {
				ALWAYS_EMBED_SWIFT_STANDARD_LIBRARIES = YES;
				ASSETCATALOG_COMPILER_APPICON_NAME = AppIcon;
				ASSETCATALOG_COMPILER_GLOBAL_ACCENT_COLOR_NAME = AccentColor;
				CODE_SIGN_STYLE = Automatic;
				CURRENT_PROJECT_VERSION = 1;
				DEVELOPMENT_ASSET_PATHS = "\"Combi/Preview Content\"";
				DEVELOPMENT_TEAM = DU8A9JBL76;
				ENABLE_PREVIEWS = YES;
				GENERATE_INFOPLIST_FILE = YES;
				INFOPLIST_KEY_UIApplicationSceneManifest_Generation = YES;
				INFOPLIST_KEY_UIApplicationSupportsIndirectInputEvents = YES;
				INFOPLIST_KEY_UILaunchScreen_Generation = YES;
				INFOPLIST_KEY_UISupportedInterfaceOrientations_iPad = "UIInterfaceOrientationPortrait UIInterfaceOrientationPortraitUpsideDown UIInterfaceOrientationLandscapeLeft UIInterfaceOrientationLandscapeRight";
				INFOPLIST_KEY_UISupportedInterfaceOrientations_iPhone = "UIInterfaceOrientationPortrait UIInterfaceOrientationLandscapeLeft UIInterfaceOrientationLandscapeRight";
				LD_RUNPATH_SEARCH_PATHS = (
					"$(inherited)",
					"@executable_path/Frameworks",
				);
				MARKETING_VERSION = 1.0;
				PRODUCT_BUNDLE_IDENTIFIER = com.chrisbarlas.Combi;
				PRODUCT_NAME = "$(TARGET_NAME)";
				SWIFT_EMIT_LOC_STRINGS = YES;
				SWIFT_VERSION = 5.0;
				TARGETED_DEVICE_FAMILY = "1,2";
			};
			name = Debug;
		};
		D382CD222B78195A00DCBA45 /* Release */ = {
			isa = XCBuildConfiguration;
			buildSettings = {
				ALWAYS_EMBED_SWIFT_STANDARD_LIBRARIES = YES;
				ASSETCATALOG_COMPILER_APPICON_NAME = AppIcon;
				ASSETCATALOG_COMPILER_GLOBAL_ACCENT_COLOR_NAME = AccentColor;
				CODE_SIGN_STYLE = Automatic;
				CURRENT_PROJECT_VERSION = 1;
				DEVELOPMENT_ASSET_PATHS = "\"Combi/Preview Content\"";
				DEVELOPMENT_TEAM = DU8A9JBL76;
				ENABLE_PREVIEWS = YES;
				GENERATE_INFOPLIST_FILE = YES;
				INFOPLIST_KEY_UIApplicationSceneManifest_Generation = YES;
				INFOPLIST_KEY_UIApplicationSupportsIndirectInputEvents = YES;
				INFOPLIST_KEY_UILaunchScreen_Generation = YES;
				INFOPLIST_KEY_UISupportedInterfaceOrientations_iPad = "UIInterfaceOrientationPortrait UIInterfaceOrientationPortraitUpsideDown UIInterfaceOrientationLandscapeLeft UIInterfaceOrientationLandscapeRight";
				INFOPLIST_KEY_UISupportedInterfaceOrientations_iPhone = "UIInterfaceOrientationPortrait UIInterfaceOrientationLandscapeLeft UIInterfaceOrientationLandscapeRight";
				LD_RUNPATH_SEARCH_PATHS = (
					"$(inherited)",
					"@executable_path/Frameworks",
				);
				MARKETING_VERSION = 1.0;
				PRODUCT_BUNDLE_IDENTIFIER = com.chrisbarlas.Combi;
				PRODUCT_NAME = "$(TARGET_NAME)";
				SWIFT_EMIT_LOC_STRINGS = YES;
				SWIFT_VERSION = 5.0;
				TARGETED_DEVICE_FAMILY = "1,2";
			};
			name = Release;
		};
/* End XCBuildConfiguration section */

/* Begin XCConfigurationList section */
		D348919F2B9276730061698D /* Build configuration list for PBXNativeTarget "CombiWatch Watch App" */ = {
			isa = XCConfigurationList;
			buildConfigurations = (
				D348919D2B9276730061698D /* Debug */,
				D348919E2B9276730061698D /* Release */,
			);
			defaultConfigurationIsVisible = 0;
			defaultConfigurationName = Release;
		};
		D382CD0D2B78195900DCBA45 /* Build configuration list for PBXProject "Combi" */ = {
			isa = XCConfigurationList;
			buildConfigurations = (
				D382CD1E2B78195A00DCBA45 /* Debug */,
				D382CD1F2B78195A00DCBA45 /* Release */,
			);
			defaultConfigurationIsVisible = 0;
			defaultConfigurationName = Release;
		};
		D382CD202B78195A00DCBA45 /* Build configuration list for PBXNativeTarget "Combi" */ = {
			isa = XCConfigurationList;
			buildConfigurations = (
				D382CD212B78195A00DCBA45 /* Debug */,
				D382CD222B78195A00DCBA45 /* Release */,
			);
			defaultConfigurationIsVisible = 0;
			defaultConfigurationName = Release;
		};
/* End XCConfigurationList section */
	};
	rootObject = D382CD0A2B78195900DCBA45 /* Project object */;
}
